
Microsoft Visual Studio Solution File, Format Version 12.00
# Visual Studio Version 17
VisualStudioVersion = 17.8.34330.188
MinimumVisualStudioVersion = 10.0.40219.1
Project("{FAE04EC0-301F-11D3-BF4B-00C04F79EFBC}") = "BlazorNet8TextRepro", "BlazorNet8TextRepro\BlazorNet8TextRepro.csproj", "{4578A970-36A0-43B0-B952-432EB96B62BA}"
EndProject
Global
	GlobalSection(SolutionConfigurationPlatforms) = preSolution
		Debug|Any CPU = Debug|Any CPU
		Release|Any CPU = Release|Any CPU
	EndGlobalSection
	GlobalSection(ProjectConfigurationPlatforms) = postSolution
		{4578A970-36A0-43B0-B952-432EB96B62BA}.Debug|Any CPU.ActiveCfg = Debug|Any CPU
		{4578A970-36A0-43B0-B952-432EB96B62BA}.Debug|Any CPU.Build.0 = Debug|Any CPU
		{4578A970-36A0-43B0-B952-432EB96B62BA}.Release|Any CPU.ActiveCfg = Release|Any CPU
		{4578A970-36A0-43B0-B952-432EB96B62BA}.Release|Any CPU.Build.0 = Release|Any CPU
	EndGlobalSection
	GlobalSection(SolutionProperties) = preSolution
		HideSolutionNode = FALSE
	EndGlobalSection
	GlobalSection(ExtensibilityGlobals) = postSolution
		SolutionGuid = {EEB1D64C-4388-4C64-A1F0-DD5B3875A418}
	EndGlobalSection
EndGlobal
